
Microsoft Visual Studio Solution File, Format Version 12.00
# Visual Studio 15
VisualStudioVersion = 15.0.27004.2009
MinimumVisualStudioVersion = 10.0.40219.1
Project("{FAE04EC0-301F-11D3-BF4B-00C04F79EFBC}") = "MobileAds.Android", "MobileAds\MobileAds.Android\MobileAds.Android.csproj", "{E85F6A50-A3F7-48F0-83C2-55EE3291A5CD}"
EndProject
Project("{FAE04EC0-301F-11D3-BF4B-00C04F79EFBC}") = "MobileAds.iOS", "MobileAds\MobileAds.iOS\MobileAds.iOS.csproj", "{831F9487-C77B-4F58-91CD-16F58F1ED3FF}"
EndProject
Project("{FAE04EC0-301F-11D3-BF4B-00C04F79EFBC}") = "MobileAds", "MobileAds\MobileAds\MobileAds.csproj", "{C411A334-564A-482B-B97F-1BC81E84356A}"
EndProject
Global
	GlobalSection(SolutionConfigurationPlatforms) = preSolution
		Debug|Any CPU = Debug|Any CPU
		Debug|iPhone = Debug|iPhone
		Debug|iPhoneSimulator = Debug|iPhoneSimulator
		Release|Any CPU = Release|Any CPU
		Release|iPhone = Release|iPhone
		Release|iPhoneSimulator = Release|iPhoneSimulator
	EndGlobalSection
	GlobalSection(ProjectConfigurationPlatforms) = postSolution
		{E85F6A50-A3F7-48F0-83C2-55EE3291A5CD}.Debug|Any CPU.ActiveCfg = Debug|Any CPU
		{E85F6A50-A3F7-48F0-83C2-55EE3291A5CD}.Debug|Any CPU.Build.0 = Debug|Any CPU
		{E85F6A50-A3F7-48F0-83C2-55EE3291A5CD}.Debug|Any CPU.Deploy.0 = Debug|Any CPU
		{E85F6A50-A3F7-48F0-83C2-55EE3291A5CD}.Debug|iPhone.ActiveCfg = Debug|Any CPU
		{E85F6A50-A3F7-48F0-83C2-55EE3291A5CD}.Debug|iPhone.Build.0 = Debug|Any CPU
		{E85F6A50-A3F7-48F0-83C2-55EE3291A5CD}.Debug|iPhone.Deploy.0 = Debug|Any CPU
		{E85F6A50-A3F7-48F0-83C2-55EE3291A5CD}.Debug|iPhoneSimulator.ActiveCfg = Debug|Any CPU
		{E85F6A50-A3F7-48F0-83C2-55EE3291A5CD}.Debug|iPhoneSimulator.Build.0 = Debug|Any CPU
		{E85F6A50-A3F7-48F0-83C2-55EE3291A5CD}.Debug|iPhoneSimulator.Deploy.0 = Debug|Any CPU
		{E85F6A50-A3F7-48F0-83C2-55EE3291A5CD}.Release|Any CPU.ActiveCfg = Release|Any CPU
		{E85F6A50-A3F7-48F0-83C2-55EE3291A5CD}.Release|Any CPU.Build.0 = Release|Any CPU
		{E85F6A50-A3F7-48F0-83C2-55EE3291A5CD}.Release|Any CPU.Deploy.0 = Release|Any CPU
		{E85F6A50-A3F7-48F0-83C2-55EE3291A5CD}.Release|iPhone.ActiveCfg = Release|Any CPU
		{E85F6A50-A3F7-48F0-83C2-55EE3291A5CD}.Release|iPhone.Build.0 = Release|Any CPU
		{E85F6A50-A3F7-48F0-83C2-55EE3291A5CD}.Release|iPhone.Deploy.0 = Release|Any CPU
		{E85F6A50-A3F7-48F0-83C2-55EE3291A5CD}.Release|iPhoneSimulator.ActiveCfg = Release|Any CPU
		{E85F6A50-A3F7-48F0-83C2-55EE3291A5CD}.Release|iPhoneSimulator.Build.0 = Release|Any CPU
		{E85F6A50-A3F7-48F0-83C2-55EE3291A5CD}.Release|iPhoneSimulator.Deploy.0 = Release|Any CPU
		{831F9487-C77B-4F58-91CD-16F58F1ED3FF}.Debug|Any CPU.ActiveCfg = Debug|iPhoneSimulator
		{831F9487-C77B-4F58-91CD-16F58F1ED3FF}.Debug|iPhone.ActiveCfg = Debug|iPhone
		{831F9487-C77B-4F58-91CD-16F58F1ED3FF}.Debug|iPhone.Build.0 = Debug|iPhone
		{831F9487-C77B-4F58-91CD-16F58F1ED3FF}.Debug|iPhoneSimulator.ActiveCfg = Debug|iPhoneSimulator
		{831F9487-C77B-4F58-91CD-16F58F1ED3FF}.Debug|iPhoneSimulator.Build.0 = Debug|iPhoneSimulator
		{831F9487-C77B-4F58-91CD-16F58F1ED3FF}.Release|Any CPU.ActiveCfg = Release|iPhoneSimulator
		{831F9487-C77B-4F58-91CD-16F58F1ED3FF}.Release|iPhone.ActiveCfg = Release|iPhone
		{831F9487-C77B-4F58-91CD-16F58F1ED3FF}.Release|iPhone.Build.0 = Release|iPhone
		{831F9487-C77B-4F58-91CD-16F58F1ED3FF}.Release|iPhoneSimulator.ActiveCfg = Release|iPhoneSimulator
		{831F9487-C77B-4F58-91CD-16F58F1ED3FF}.Release|iPhoneSimulator.Build.0 = Release|iPhoneSimulator
		{C411A334-564A-482B-B97F-1BC81E84356A}.Debug|Any CPU.ActiveCfg = Debug|Any CPU
		{C411A334-564A-482B-B97F-1BC81E84356A}.Debug|Any CPU.Build.0 = Debug|Any CPU
		{C411A334-564A-482B-B97F-1BC81E84356A}.Debug|iPhone.ActiveCfg = Debug|Any CPU
		{C411A334-564A-482B-B97F-1BC81E84356A}.Debug|iPhone.Build.0 = Debug|Any CPU
		{C411A334-564A-482B-B97F-1BC81E84356A}.Debug|iPhoneSimulator.ActiveCfg = Debug|Any CPU
		{C411A334-564A-482B-B97F-1BC81E84356A}.Debug|iPhoneSimulator.Build.0 = Debug|Any CPU
		{C411A334-564A-482B-B97F-1BC81E84356A}.Release|Any CPU.ActiveCfg = Release|Any CPU
		{C411A334-564A-482B-B97F-1BC81E84356A}.Release|Any CPU.Build.0 = Release|Any CPU
		{C411A334-564A-482B-B97F-1BC81E84356A}.Release|iPhone.ActiveCfg = Release|Any CPU
		{C411A334-564A-482B-B97F-1BC81E84356A}.Release|iPhone.Build.0 = Release|Any CPU
		{C411A334-564A-482B-B97F-1BC81E84356A}.Release|iPhoneSimulator.ActiveCfg = Release|Any CPU
		{C411A334-564A-482B-B97F-1BC81E84356A}.Release|iPhoneSimulator.Build.0 = Release|Any CPU
	EndGlobalSection
	GlobalSection(SolutionProperties) = preSolution
		HideSolutionNode = FALSE
	EndGlobalSection
	GlobalSection(ExtensibilityGlobals) = postSolution
		SolutionGuid = {26D80C6E-2EB1-4A71-B5FC-4D02A2279E60}
	EndGlobalSection
EndGlobal
